<?xml version="1.0" encoding="utf-8"?>
<Project ToolsVersion="4.0" xmlns="http://schemas.microsoft.com/developer/msbuild/2003">
  <ItemGroup>
    <Filter Include="源文件">
      <UniqueIdentifier>{4FC737F1-C7A5-4376-A066-2A32D752A2FF}</UniqueIdentifier>
      <Extensions>cpp;c;cc;cxx;def;odl;idl;hpj;bat;asm;asmx</Extensions>
    </Filter>
    <Filter Include="头文件">
      <UniqueIdentifier>{93995380-89BD-4b04-88EB-625FBE52EBFB}</UniqueIdentifier>
      <Extensions>h;hh;hpp;hxx;hm;inl;inc;xsd</Extensions>
    </Filter>
    <Filter Include="资源文件">
      <UniqueIdentifier>{67DA6AB6-F800-4c08-8B7A-83BB121AAD01}</UniqueIdentifier>
      <Extensions>rc;ico;cur;bmp;dlg;rc2;rct;bin;rgs;gif;jpg;jpeg;jpe;resx;tiff;tif;png;wav;mfcribbon-ms</Extensions>
    </Filter>
    <Filter Include="资源文件\config">
      <UniqueIdentifier>{b7230d4a-1dcf-4d7d-95bd-4a07745b1c05}</UniqueIdentifier>
    </Filter>
    <Filter Include="资源文件\shader">
      <UniqueIdentifier>{43e56ac4-9b9a-49c4-8633-35d5faee55e0}</UniqueIdentifier>
    </Filter>
    <Filter Include="资源文件\texture">
      <UniqueIdentifier>{78d8c053-fcb8-4242-b4da-8047353feb35}</UniqueIdentifier>
    </Filter>
    <Filter Include="资源文件\tmp">
      <UniqueIdentifier>{943c8a32-c91b-4d0b-b16f-d61e0b8d4d39}</UniqueIdentifier>
    </Filter>
    <Filter Include="资源文件\video">
      <UniqueIdentifier>{7bfa9cbe-1bf9-433b-b071-dfc1c0bfd882}</UniqueIdentifier>
    </Filter>
  </ItemGroup>
  <ItemGroup>
    <ClCompile Include="Main.cpp">
      <Filter>源文件</Filter>
    </ClCompile>
    <ClCompile Include="..\..\..\..\..\4_MyFloder\glad.c">
      <Filter>源文件</Filter>
    </ClCompile>
    <ClCompile Include="源.cpp">
      <Filter>源文件</Filter>
    </ClCompile>
  </ItemGroup>
  <ItemGroup>
    <ClInclude Include="Shader.h">
      <Filter>头文件</Filter>
    </ClInclude>
    <ClInclude Include="resource.h">
      <Filter>头文件</Filter>
    </ClInclude>
    <ClInclude Include="..\..\..\..\..\4_MyFloder\Includes\stb_image.h">
      <Filter>头文件</Filter>
    </ClInclude>
    <ClInclude Include="Camera.h">
      <Filter>头文件</Filter>
    </ClInclude>
    <ClInclude Include="Mesh.h">
      <Filter>头文件</Filter>
    </ClInclude>
    <ClInclude Include="Mode.h">
      <Filter>头文件</Filter>
    </ClInclude>
    <ClInclude Include="resource1.h">
      <Filter>头文件</Filter>
    </ClInclude>
    <ClInclude Include="floor.h">
      <Filter>头文件</Filter>
    </ClInclude>
    <ClInclude Include="IObjectLight.h">
      <Filter>头文件</Filter>
    </ClInclude>
    <ClInclude Include="PointLight.h">
      <Filter>头文件</Filter>
    </ClInclude>
    <ClInclude Include="DirLight.h">
      <Filter>头文件</Filter>
    </ClInclude>
    <ClInclude Include="LoadTex.h">
      <Filter>头文件</Filter>
    </ClInclude>
    <ClInclude Include="GressD.h">
      <Filter>头文件</Filter>
    </ClInclude>
    <ClInclude Include="light.h">
      <Filter>头文件</Filter>
    </ClInclude>
    <ClInclude Include="vectexData.h">
      <Filter>头文件</Filter>
    </ClInclude>
    <ClInclude Include="vis.h">
      <Filter>头文件</Filter>
    </ClInclude>
    <ClInclude Include="moveStep1.h">
      <Filter>头文件</Filter>
    </ClInclude>
    <ClInclude Include="moveStep.h">
      <Filter>头文件</Filter>
    </ClInclude>
    <ClInclude Include="people.h">
      <Filter>头文件</Filter>
    </ClInclude>
    <ClInclude Include="CM_normal_Cal.h">
      <Filter>头文件</Filter>
    </ClInclude>
    <ClInclude Include="SpotLight.h">
      <Filter>头文件</Filter>
    </ClInclude>
    <ClInclude Include="conff.h">
      <Filter>头文件</Filter>
    </ClInclude>
    <ClInclude Include="LedMgr.h">
      <Filter>头文件</Filter>
    </ClInclude>
    <ClInclude Include="ShaderMgr.h">
      <Filter>头文件</Filter>
    </ClInclude>
  </ItemGroup>
  <ItemGroup>
    <None Include="run\resources\config\config">
      <Filter>资源文件\config</Filter>
    </None>
    <None Include="run\resources\shader\Blendfragment.shader">
      <Filter>资源文件\shader</Filter>
    </None>
    <None Include="run\resources\shader\Fragment.shader">
      <Filter>资源文件\shader</Filter>
    </None>
    <None Include="run\resources\shader\InstanceFragment.shader">
      <Filter>资源文件\shader</Filter>
    </None>
    <None Include="run\resources\shader\InstanceVertex.shader">
      <Filter>资源文件\shader</Filter>
    </None>
    <None Include="run\resources\shader\LEDfragment.shader">
      <Filter>资源文件\shader</Filter>
    </None>
    <None Include="run\resources\shader\light.shader">
      <Filter>资源文件\shader</Filter>
    </None>
    <None Include="run\resources\shader\mirCubeFragment.shader">
      <Filter>资源文件\shader</Filter>
    </None>
    <None Include="run\resources\shader\mirCubeVertex.shader">
      <Filter>资源文件\shader</Filter>
    </None>
    <None Include="run\resources\shader\MirFragment.shader">
      <Filter>资源文件\shader</Filter>
    </None>
    <None Include="run\resources\shader\MirVertex.shader">
      <Filter>资源文件\shader</Filter>
    </None>
    <None Include="run\resources\shader\pointFragment.shader">
      <Filter>资源文件\shader</Filter>
    </None>
    <None Include="run\resources\shader\pointVertex.shader">
      <Filter>资源文件\shader</Filter>
    </None>
    <None Include="run\resources\shader\RGBAfragment.shader">
      <Filter>资源文件\shader</Filter>
    </None>
    <None Include="run\resources\shader\skycubeFragment.shader">
      <Filter>资源文件\shader</Filter>
    </None>
    <None Include="run\resources\shader\skycubeVertex.shader">
      <Filter>资源文件\shader</Filter>
    </None>
    <None Include="run\resources\shader\test_depth_Fragment.shader">
      <Filter>资源文件\shader</Filter>
    </None>
    <None Include="run\resources\shader\testexploGeo.shader">
      <Filter>资源文件\shader</Filter>
    </None>
    <None Include="run\resources\shader\testFragment.shader">
      <Filter>资源文件\shader</Filter>
    </None>
    <None Include="run\resources\shader\testnorlFragment.shader">
      <Filter>资源文件\shader</Filter>
    </None>
    <None Include="run\resources\shader\testnorlGeo.shader">
      <Filter>资源文件\shader</Filter>
    </None>
    <None Include="run\resources\shader\testnorlVertex.shader">
      <Filter>资源文件\shader</Filter>
    </None>
    <None Include="run\resources\shader\testvertex.shader">
      <Filter>资源文件\shader</Filter>
    </None>
    <None Include="run\resources\shader\Vertex.shader">
      <Filter>资源文件\shader</Filter>
    </None>
    <None Include="run\resources\shader\Vertex1.shader">
      <Filter>资源文件\shader</Filter>
    </None>
    <None Include="run\resources\0.delayWork">
      <Filter>资源文件</Filter>
    </None>
    <None Include="run\resources\shader\3.1.2.shadow_mapping_depthfragment.shader">
      <Filter>资源文件\shader</Filter>
    </None>
    <None Include="run\resources\shader\3.1.2.shadow_mapping_depthvertex.shader">
      <Filter>资源文件\shader</Filter>
    </None>
  </ItemGroup>
  <ItemGroup>
    <ResourceCompile Include="First.rc">
      <Filter>资源文件</Filter>
    </ResourceCompile>
  </ItemGroup>
  <ItemGroup>
    <Image Include="run\resources\texture\awesomeface.png">
      <Filter>资源文件\texture</Filter>
    </Image>
    <Image Include="run\resources\texture\blending_transparent_window.png">
      <Filter>资源文件\texture</Filter>
    </Image>
    <Image Include="run\resources\texture\container2.png">
      <Filter>资源文件\texture</Filter>
    </Image>
    <Image Include="run\resources\texture\container2_specular.png">
      <Filter>资源文件\texture</Filter>
    </Image>
    <Image Include="run\resources\texture\grass.png">
      <Filter>资源文件\texture</Filter>
    </Image>
    <Image Include="run\resources\texture\LED.jpg">
      <Filter>资源文件\texture</Filter>
    </Image>
    <Image Include="run\resources\texture\lighting_maps_specular_color.png">
      <Filter>资源文件\texture</Filter>
    </Image>
    <Image Include="run\resources\texture\matrix.jpg">
      <Filter>资源文件\texture</Filter>
    </Image>
    <Image Include="run\resources\texture\rhtest.png">
      <Filter>资源文件\texture</Filter>
    </Image>
    <Image Include="run\resources\texture\test.png">
      <Filter>资源文件\texture</Filter>
    </Image>
    <Image Include="run\resources\texture\wall.jpg">
      <Filter>资源文件\texture</Filter>
    </Image>
    <Image Include="run\resources\texture\wood.png">
      <Filter>资源文件\texture</Filter>
    </Image>
    <Image Include="run\resources\texture\wsp.jpg">
      <Filter>资源文件\texture</Filter>
    </Image>
  </ItemGroup>
  <ItemGroup>
    <Text Include="run\resources\tmp\file.txt">
      <Filter>资源文件\tmp</Filter>
    </Text>
  </ItemGroup>
  <ItemGroup>
    <Media Include="run\resources\video\onepice.mp4">
      <Filter>资源文件\video</Filter>
    </Media>
    <Media Include="run\resources\video\Out.mov">
      <Filter>资源文件\video</Filter>
    </Media>
  </ItemGroup>
</Project>